// !$*UTF8*$!
{
	archiveVersion = 1;
	classes = {
	};
	objectVersion = 50;
	objects = {

/* Begin PBXBuildFile section */
		044DD3D32086249000D1709A /* AppDelegate.swift in Sources */ = {isa = PBXBuildFile; fileRef = 044DD3D22086249000D1709A /* AppDelegate.swift */; };
		044DD3D82086249000D1709A /* Main.storyboard in Resources */ = {isa = PBXBuildFile; fileRef = 044DD3D62086249000D1709A /* Main.storyboard */; };
		044DD3DA2086249300D1709A /* Assets.xcassets in Resources */ = {isa = PBXBuildFile; fileRef = 044DD3D92086249300D1709A /* Assets.xcassets */; };
		044DD3DD2086249300D1709A /* LaunchScreen.storyboard in Resources */ = {isa = PBXBuildFile; fileRef = 044DD3DB2086249300D1709A /* LaunchScreen.storyboard */; };
		044DD3E52086251500D1709A /* SettingsViewController.swift in Sources */ = {isa = PBXBuildFile; fileRef = 044DD3E42086251500D1709A /* SettingsViewController.swift */; };
		044DD3E8208625A800D1709A /* CrosstableViewController.swift in Sources */ = {isa = PBXBuildFile; fileRef = 044DD3E7208625A800D1709A /* CrosstableViewController.swift */; };
		044DD3EA2086287400D1709A /* CustomCollectionViewCell.swift in Sources */ = {isa = PBXBuildFile; fileRef = 044DD3E92086287400D1709A /* CustomCollectionViewCell.swift */; };
		044DD3EC208628FA00D1709A /* CustomCollectionViewLayout.swift in Sources */ = {isa = PBXBuildFile; fileRef = 044DD3EB208628FA00D1709A /* CustomCollectionViewLayout.swift */; };
		044DD3EE2086322000D1709A /* CrosstableSettings.swift in Sources */ = {isa = PBXBuildFile; fileRef = 044DD3ED2086322000D1709A /* CrosstableSettings.swift */; };
		044DD3F02086377700D1709A /* UIColor+Additions.swift in Sources */ = {isa = PBXBuildFile; fileRef = 044DD3EF2086377700D1709A /* UIColor+Additions.swift */; };
/* End PBXBuildFile section */

/* Begin PBXFileReference section */
		044DD3CF2086249000D1709A /* Crosstable.app */ = {isa = PBXFileReference; explicitFileType = wrapper.application; includeInIndex = 0; path = Crosstable.app; sourceTree = BUILT_PRODUCTS_DIR; };
		044DD3D22086249000D1709A /* AppDelegate.swift */ = {isa = PBXFileReference; lastKnownFileType = sourcecode.swift; path = AppDelegate.swift; sourceTree = "<group>"; };
		044DD3D72086249000D1709A /* Base */ = {isa = PBXFileReference; lastKnownFileType = file.storyboard; name = Base; path = Base.lproj/Main.storyboard; sourceTree = "<group>"; };
		044DD3D92086249300D1709A /* Assets.xcassets */ = {isa = PBXFileReference; lastKnownFileType = folder.assetcatalog; path = Assets.xcassets; sourceTree = "<group>"; };
		044DD3DC2086249300D1709A /* Base */ = {isa = PBXFileReference; lastKnownFileType = file.storyboard; name = Base; path = Base.lproj/LaunchScreen.storyboard; sourceTree = "<group>"; };
		044DD3DE2086249300D1709A /* Info.plist */ = {isa = PBXFileReference; lastKnownFileType = text.plist.xml; path = Info.plist; sourceTree = "<group>"; };
		044DD3E42086251500D1709A /* SettingsViewController.swift */ = {isa = PBXFileReference; lastKnownFileType = sourcecode.swift; path = SettingsViewController.swift; sourceTree = "<group>"; };
		044DD3E7208625A800D1709A /* CrosstableViewController.swift */ = {isa = PBXFileReference; lastKnownFileType = sourcecode.swift; path = CrosstableViewController.swift; sourceTree = "<group>"; };
		044DD3E92086287400D1709A /* CustomCollectionViewCell.swift */ = {isa = PBXFileReference; lastKnownFileType = sourcecode.swift; path = CustomCollectionViewCell.swift; sourceTree = "<group>"; };
		044DD3EB208628FA00D1709A /* CustomCollectionViewLayout.swift */ = {isa = PBXFileReference; lastKnownFileType = sourcecode.swift; path = CustomCollectionViewLayout.swift; sourceTree = "<group>"; };
		044DD3ED2086322000D1709A /* CrosstableSettings.swift */ = {isa = PBXFileReference; lastKnownFileType = sourcecode.swift; path = CrosstableSettings.swift; sourceTree = "<group>"; };
		044DD3EF2086377700D1709A /* UIColor+Additions.swift */ = {isa = PBXFileReference; lastKnownFileType = sourcecode.swift; path = "UIColor+Additions.swift"; sourceTree = "<group>"; };
/* End PBXFileReference section */

/* Begin PBXFrameworksBuildPhase section */
		044DD3CC2086249000D1709A /* Frameworks */ = {
			isa = PBXFrameworksBuildPhase;
			buildActionMask = 2147483647;
			files = (
			);
			runOnlyForDeploymentPostprocessing = 0;
		};
/* End PBXFrameworksBuildPhase section */

/* Begin PBXGroup section */
		044DD3C62086249000D1709A = {
			isa = PBXGroup;
			children = (
				044DD3D12086249000D1709A /* Crosstable */,
				044DD3D02086249000D1709A /* Products */,
			);
			sourceTree = "<group>";
		};
		044DD3D02086249000D1709A /* Products */ = {
			isa = PBXGroup;
			children = (
				044DD3CF2086249000D1709A /* Crosstable.app */,
			);
			name = Products;
			sourceTree = "<group>";
		};
		044DD3D12086249000D1709A /* Crosstable */ = {
			isa = PBXGroup;
			children = (
				044DD3D62086249000D1709A /* Main.storyboard */,
				04B48DBA20875E9C0051933C /* Settings */,
				04B48DBB20875EAF0051933C /* Crosstable */,
				04B48DB920875E7C0051933C /* System */,
				04B48DBC208760C30051933C /* Additions */,
				044DD3DE2086249300D1709A /* Info.plist */,
			);
			path = Crosstable;
			sourceTree = "<group>";
		};
		04B48DB920875E7C0051933C /* System */ = {
			isa = PBXGroup;
			children = (
				044DD3D22086249000D1709A /* AppDelegate.swift */,
				044DD3DB2086249300D1709A /* LaunchScreen.storyboard */,
				044DD3D92086249300D1709A /* Assets.xcassets */,
			);
			path = System;
			sourceTree = "<group>";
		};
		04B48DBA20875E9C0051933C /* Settings */ = {
			isa = PBXGroup;
			children = (
				044DD3ED2086322000D1709A /* CrosstableSettings.swift */,
				044DD3E42086251500D1709A /* SettingsViewController.swift */,
			);
			path = Settings;
			sourceTree = "<group>";
		};
		04B48DBB20875EAF0051933C /* Crosstable */ = {
			isa = PBXGroup;
			children = (
				044DD3E7208625A800D1709A /* CrosstableViewController.swift */,
				044DD3EB208628FA00D1709A /* CustomCollectionViewLayout.swift */,
				044DD3E92086287400D1709A /* CustomCollectionViewCell.swift */,
			);
			path = Crosstable;
			sourceTree = "<group>";
		};
		04B48DBC208760C30051933C /* Additions */ = {
			isa = PBXGroup;
			children = (
				044DD3EF2086377700D1709A /* UIColor+Additions.swift */,
			);
			path = Additions;
			sourceTree = "<group>";
		};
/* End PBXGroup section */

/* Begin PBXNativeTarget section */
		044DD3CE2086249000D1709A /* Crosstable */ = {
			isa = PBXNativeTarget;
			buildConfigurationList = 044DD3E12086249300D1709A /* Build configuration list for PBXNativeTarget "Crosstable" */;
			buildPhases = (
				044DD3CB2086249000D1709A /* Sources */,
				044DD3CC2086249000D1709A /* Frameworks */,
				044DD3CD2086249000D1709A /* Resources */,
			);
			buildRules = (
			);
			dependencies = (
			);
			name = Crosstable;
			productName = Crosstable;
			productReference = 044DD3CF2086249000D1709A /* Crosstable.app */;
			productType = "com.apple.product-type.application";
		};
/* End PBXNativeTarget section */

/* Begin PBXProject section */
		044DD3C72086249000D1709A /* Project object */ = {
			isa = PBXProject;
			attributes = {
				LastSwiftUpdateCheck = 0930;
				LastUpgradeCheck = 0930;
				ORGANIZATIONNAME = "Antony Karpov";
				TargetAttributes = {
					044DD3CE2086249000D1709A = {
						CreatedOnToolsVersion = 9.3;
					};
				};
			};
			buildConfigurationList = 044DD3CA2086249000D1709A /* Build configuration list for PBXProject "Crosstable" */;
			compatibilityVersion = "Xcode 9.3";
			developmentRegion = en;
			hasScannedForEncodings = 0;
			knownRegions = (
				en,
				Base,
			);
			mainGroup = 044DD3C62086249000D1709A;
			productRefGroup = 044DD3D02086249000D1709A /* Products */;
			projectDirPath = "";
			projectRoot = "";
			targets = (
				044DD3CE2086249000D1709A /* Crosstable */,
			);
		};
/* End PBXProject section */

/* Begin PBXResourcesBuildPhase section */
		044DD3CD2086249000D1709A /* Resources */ = {
			isa = PBXResourcesBuildPhase;
			buildActionMask = 2147483647;
			files = (
				044DD3DD2086249300D1709A /* LaunchScreen.storyboard in Resources */,
				044DD3DA2086249300D1709A /* Assets.xcassets in Resources */,
				044DD3D82086249000D1709A /* Main.storyboard in Resources */,
			);
			runOnlyForDeploymentPostprocessing = 0;
		};
/* End PBXResourcesBuildPhase section */

/* Begin PBXSourcesBuildPhase section */
		044DD3CB2086249000D1709A /* Sources */ = {
			isa = PBXSourcesBuildPhase;
			buildActionMask = 2147483647;
			files = (
				044DD3E52086251500D1709A /* SettingsViewController.swift in Sources */,
				044DD3D32086249000D1709A /* AppDelegate.swift in Sources */,
				044DD3EE2086322000D1709A /* CrosstableSettings.swift in Sources */,
				044DD3E8208625A800D1709A /* CrosstableViewController.swift in Sources */,
				044DD3EC208628FA00D1709A /* CustomCollectionViewLayout.swift in Sources */,
				044DD3EA2086287400D1709A /* CustomCollectionViewCell.swift in Sources */,
				044DD3F02086377700D1709A /* UIColor+Additions.swift in Sources */,
			);
			runOnlyForDeploymentPostprocessing = 0;
		};
/* End PBXSourcesBuildPhase section */

/* Begin PBXVariantGroup section */
		044DD3D62086249000D1709A /* Main.storyboard */ = {
			isa = PBXVariantGroup;
			children = (
				044DD3D72086249000D1709A /* Base */,
			);
			name = Main.storyboard;
			sourceTree = "<group>";
		};
		044DD3DB2086249300D1709A /* LaunchScreen.storyboard */ = {
			isa = PBXVariantGroup;
			children = (
				044DD3DC2086249300D1709A /* Base */,
			);
			name = LaunchScreen.storyboard;
			sourceTree = "<group>";
		};
/* End PBXVariantGroup section */

/* Begin XCBuildConfiguration section */
		044DD3DF2086249300D1709A /* Debug */ = {
			isa = XCBuildConfiguration;
			buildSettings = {
				ALWAYS_SEARCH_USER_PATHS = NO;
				CLANG_ANALYZER_NONNULL = YES;
				CLANG_ANALYZER_NUMBER_OBJECT_CONVERSION = YES_AGGRESSIVE;
				CLANG_CXX_LANGUAGE_STANDARD = "gnu++14";
				CLANG_CXX_LIBRARY = "libc++";
				CLANG_ENABLE_MODULES = YES;
				CLANG_ENABLE_OBJC_ARC = YES;
				CLANG_ENABLE_OBJC_WEAK = YES;
				CLANG_WARN_BLOCK_CAPTURE_AUTORELEASING = YES;
				CLANG_WARN_BOOL_CONVERSION = YES;
				CLANG_WARN_COMMA = YES;
				CLANG_WARN_CONSTANT_CONVERSION = YES;
				CLANG_WARN_DEPRECATED_OBJC_IMPLEMENTATIONS = YES;
				CLANG_WARN_DIRECT_OBJC_ISA_USAGE = YES_ERROR;
				CLANG_WARN_DOCUMENTATION_COMMENTS = YES;
				CLANG_WARN_EMPTY_BODY = YES;
				CLANG_WARN_ENUM_CONVERSION = YES;
				CLANG_WARN_INFINITE_RECURSION = YES;
				CLANG_WARN_INT_CONVERSION = YES;
				CLANG_WARN_NON_LITERAL_NULL_CONVERSION = YES;
				CLANG_WARN_OBJC_IMPLICIT_RETAIN_SELF = YES;
				CLANG_WARN_OBJC_LITERAL_CONVERSION = YES;
				CLANG_WARN_OBJC_ROOT_CLASS = YES_ERROR;
				CLANG_WARN_RANGE_LOOP_ANALYSIS = YES;
				CLANG_WARN_STRICT_PROTOTYPES = YES;
				CLANG_WARN_SUSPICIOUS_MOVE = YES;
				CLANG_WARN_UNGUARDED_AVAILABILITY = YES_AGGRESSIVE;
				CLANG_WARN_UNREACHABLE_CODE = YES;
				CLANG_WARN__DUPLICATE_METHOD_MATCH = YES;
				CODE_SIGN_IDENTITY = "iPhone Developer";
				COPY_PHASE_STRIP = NO;
				DEBUG_INFORMATION_FORMAT = dwarf;
				ENABLE_STRICT_OBJC_MSGSEND = YES;
				ENABLE_TESTABILITY = YES;
				GCC_C_LANGUAGE_STANDARD = gnu11;
				GCC_DYNAMIC_NO_PIC = NO;
				GCC_NO_COMMON_BLOCKS = YES;
				GCC_OPTIMIZATION_LEVEL = 0;
				GCC_PREPROCESSOR_DEFINITIONS = (
					"DEBUG=1",
					"$(inherited)",
				);
				GCC_WARN_64_TO_32_BIT_CONVERSION = YES;
				GCC_WARN_ABOUT_RETURN_TYPE = YES_ERROR;
				GCC_WARN_UNDECLARED_SELECTOR = YES;
				GCC_WARN_UNINITIALIZED_AUTOS = YES_AGGRESSIVE;
				GCC_WARN_UNUSED_FUNCTION = YES;
				GCC_WARN_UNUSED_VARIABLE = YES;
				IPHONEOS_DEPLOYMENT_TARGET = 11.3;
				MTL_ENABLE_DEBUG_INFO = YES;
				ONLY_ACTIVE_ARCH = YES;
				SDKROOT = iphoneos;
				SWIFT_ACTIVE_COMPILATION_CONDITIONS = DEBUG;
				SWIFT_OPTIMIZATION_LEVEL = "-Onone";
			};
			name = Debug;
		};
		044DD3E02086249300D1709A /* Release */ = {
			isa = XCBuildConfiguration;
			buildSettings = {
				ALWAYS_SEARCH_USER_PATHS = NO;
				CLANG_ANALYZER_NONNULL = YES;
				CLANG_ANALYZER_NUMBER_OBJECT_CONVERSION = YES_AGGRESSIVE;
				CLANG_CXX_LANGUAGE_STANDARD = "gnu++14";
				CLANG_CXX_LIBRARY = "libc++";
				CLANG_ENABLE_MODULES = YES;
				CLANG_ENABLE_OBJC_ARC = YES;
				CLANG_ENABLE_OBJC_WEAK = YES;
				CLANG_WARN_BLOCK_CAPTURE_AUTORELEASING = YES;
				CLANG_WARN_BOOL_CONVERSION = YES;
				CLANG_WARN_COMMA = YES;
				CLANG_WARN_CONSTANT_CONVERSION = YES;
				CLANG_WARN_DEPRECATED_OBJC_IMPLEMENTATIONS = YES;
				CLANG_WARN_DIRECT_OBJC_ISA_USAGE = YES_ERROR;
				CLANG_WARN_DOCUMENTATION_COMMENTS = YES;
				CLANG_WARN_EMPTY_BODY = YES;
				CLANG_WARN_ENUM_CONVERSION = YES;
				CLANG_WARN_INFINITE_RECURSION = YES;
				CLANG_WARN_INT_CONVERSION = YES;
				CLANG_WARN_NON_LITERAL_NULL_CONVERSION = YES;
				CLANG_WARN_OBJC_IMPLICIT_RETAIN_SELF = YES;
				CLANG_WARN_OBJC_LITERAL_CONVERSION = YES;
				CLANG_WARN_OBJC_ROOT_CLASS = YES_ERROR;
				CLANG_WARN_RANGE_LOOP_ANALYSIS = YES;
				CLANG_WARN_STRICT_PROTOTYPES = YES;
				CLANG_WARN_SUSPICIOUS_MOVE = YES;
				CLANG_WARN_UNGUARDED_AVAILABILITY = YES_AGGRESSIVE;
				CLANG_WARN_UNREACHABLE_CODE = YES;
				CLANG_WARN__DUPLICATE_METHOD_MATCH = YES;
				CODE_SIGN_IDENTITY = "iPhone Developer";
				COPY_PHASE_STRIP = NO;
				DEBUG_INFORMATION_FORMAT = "dwarf-with-dsym";
				ENABLE_NS_ASSERTIONS = NO;
				ENABLE_STRICT_OBJC_MSGSEND = YES;
				GCC_C_LANGUAGE_STANDARD = gnu11;
				GCC_NO_COMMON_BLOCKS = YES;
				GCC_WARN_64_TO_32_BIT_CONVERSION = YES;
				GCC_WARN_ABOUT_RETURN_TYPE = YES_ERROR;
				GCC_WARN_UNDECLARED_SELECTOR = YES;
				GCC_WARN_UNINITIALIZED_AUTOS = YES_AGGRESSIVE;
				GCC_WARN_UNUSED_FUNCTION = YES;
				GCC_WARN_UNUSED_VARIABLE = YES;
				IPHONEOS_DEPLOYMENT_TARGET = 11.3;
				MTL_ENABLE_DEBUG_INFO = NO;
				SDKROOT = iphoneos;
				SWIFT_COMPILATION_MODE = wholemodule;
				SWIFT_OPTIMIZATION_LEVEL = "-O";
				VALIDATE_PRODUCT = YES;
			};
			name = Release;
		};
		044DD3E22086249300D1709A /* Debug */ = {
			isa = XCBuildConfiguration;
			buildSettings = {
				ASSETCATALOG_COMPILER_APPICON_NAME = AppIcon;
				CODE_SIGN_STYLE = Automatic;
				DEVELOPMENT_TEAM = 97P9BWB4ML;
				INFOPLIST_FILE = Crosstable/Info.plist;
				IPHONEOS_DEPLOYMENT_TARGET = 9.3;
				LD_RUNPATH_SEARCH_PATHS = (
					"$(inherited)",
					"@executable_path/Frameworks",
				);
				PRODUCT_BUNDLE_IDENTIFIER = "antony-karpov.Crosstable";
				PRODUCT_NAME = "$(TARGET_NAME)";
				SWIFT_VERSION = 4.0;
				TARGETED_DEVICE_FAMILY = "1,2";
			};
			name = Debug;
		};
		044DD3E32086249300D1709A /* Release */ = {
			isa = XCBuildConfiguration;
			buildSettings = {
				ASSETCATALOG_COMPILER_APPICON_NAME = AppIcon;
				CODE_SIGN_STYLE = Automatic;
				DEVELOPMENT_TEAM = 97P9BWB4ML;
				INFOPLIST_FILE = Crosstable/Info.plist;
				IPHONEOS_DEPLOYMENT_TARGET = 9.3;
				LD_RUNPATH_SEARCH_PATHS = (
					"$(inherited)",
					"@executable_path/Frameworks",
				);
				PRODUCT_BUNDLE_IDENTIFIER = "antony-karpov.Crosstable";
				PRODUCT_NAME = "$(TARGET_NAME)";
				SWIFT_VERSION = 4.0;
				TARGETED_DEVICE_FAMILY = "1,2";
			};
			name = Release;
		};
/* End XCBuildConfiguration section */

/* Begin XCConfigurationList section */
		044DD3CA2086249000D1709A /* Build configuration list for PBXProject "Crosstable" */ = {
			isa = XCConfigurationList;
			buildConfigurations = (
				044DD3DF2086249300D1709A /* Debug */,
				044DD3E02086249300D1709A /* Release */,
			);
			defaultConfigurationIsVisible = 0;
			defaultConfigurationName = Release;
		};
		044DD3E12086249300D1709A /* Build configuration list for PBXNativeTarget "Crosstable" */ = {
			isa = XCConfigurationList;
			buildConfigurations = (
				044DD3E22086249300D1709A /* Debug */,
				044DD3E32086249300D1709A /* Release */,
			);
			defaultConfigurationIsVisible = 0;
			defaultConfigurationName = Release;
		};
/* End XCConfigurationList section */
	};
	rootObject = 044DD3C72086249000D1709A /* Project object */;
}
